
Microsoft Visual Studio Solution File, Format Version 12.00
# Visual Studio Version 16
VisualStudioVersion = 16.0.29728.190
MinimumVisualStudioVersion = 10.0.40219.1
Project("{FAE04EC0-301F-11D3-BF4B-00C04F79EFBC}") = "KitapSitesi.API", "KitapSitesi.API\KitapSitesi.API.csproj", "{4E5D15A5-2D45-4262-A7B9-644A097E06EE}"
EndProject
Global
	GlobalSection(SolutionConfigurationPlatforms) = preSolution
		Debug|Any CPU = Debug|Any CPU
		Release|Any CPU = Release|Any CPU
	EndGlobalSection
	GlobalSection(ProjectConfigurationPlatforms) = postSolution
		{4E5D15A5-2D45-4262-A7B9-644A097E06EE}.Debug|Any CPU.ActiveCfg = Debug|Any CPU
		{4E5D15A5-2D45-4262-A7B9-644A097E06EE}.Debug|Any CPU.Build.0 = Debug|Any CPU
		{4E5D15A5-2D45-4262-A7B9-644A097E06EE}.Release|Any CPU.ActiveCfg = Release|Any CPU
		{4E5D15A5-2D45-4262-A7B9-644A097E06EE}.Release|Any CPU.Build.0 = Release|Any CPU
	EndGlobalSection
	GlobalSection(SolutionProperties) = preSolution
		HideSolutionNode = FALSE
	EndGlobalSection
	GlobalSection(ExtensibilityGlobals) = postSolution
		SolutionGuid = {A5C5C53A-040F-44EA-A769-63B92919846D}
	EndGlobalSection
EndGlobal
